// !$*UTF8*$!
{
	archiveVersion = 1;
	classes = {
	};
	objectVersion = 51;
	objects = {

/* Begin PBXBuildFile section */
		1E030893259913A000EB98F1 /* JobDetailsViewController.swift in Sources */ = {isa = PBXBuildFile; fileRef = 1E030892259913A000EB98F1 /* JobDetailsViewController.swift */; };
		1E07C9582586402A00F31493 /* AppDelegate.swift in Sources */ = {isa = PBXBuildFile; fileRef = 1E07C9572586402A00F31493 /* AppDelegate.swift */; };
		1E07C95A2586402A00F31493 /* ViewController.swift in Sources */ = {isa = PBXBuildFile; fileRef = 1E07C9592586402A00F31493 /* ViewController.swift */; };
		1E07C95D2586402A00F31493 /* Main.storyboard in Resources */ = {isa = PBXBuildFile; fileRef = 1E07C95B2586402A00F31493 /* Main.storyboard */; };
		1E07C95F2586402D00F31493 /* Assets.xcassets in Resources */ = {isa = PBXBuildFile; fileRef = 1E07C95E2586402D00F31493 /* Assets.xcassets */; };
		1E07C9622586402D00F31493 /* LaunchScreen.storyboard in Resources */ = {isa = PBXBuildFile; fileRef = 1E07C9602586402D00F31493 /* LaunchScreen.storyboard */; };
		1E8D208F259261F4003F7E4C /* RequestDetailsViewController.swift in Sources */ = {isa = PBXBuildFile; fileRef = 1E8D208E259261F4003F7E4C /* RequestDetailsViewController.swift */; };
		1EB39D5D2593D63D0001ED07 /* CraftsmanTableViewController.swift in Sources */ = {isa = PBXBuildFile; fileRef = 1EB39D5C2593D63D0001ED07 /* CraftsmanTableViewController.swift */; };
		1EC6C2C52590E8DE00256120 /* SeeCraftsmenTableViewController.swift in Sources */ = {isa = PBXBuildFile; fileRef = 1EC6C2C42590E8DE00256120 /* SeeCraftsmenTableViewController.swift */; };
		1EC6C2C9259114BC00256120 /* CraftsmanDetailsTableViewController.swift in Sources */ = {isa = PBXBuildFile; fileRef = 1EC6C2C8259114BC00256120 /* CraftsmanDetailsTableViewController.swift */; };
		1EC6C2CB2591171400256120 /* CraftsmanDetailsTableViewCell.swift in Sources */ = {isa = PBXBuildFile; fileRef = 1EC6C2CA2591171400256120 /* CraftsmanDetailsTableViewCell.swift */; };
		1EC6C2CD259156F100256120 /* RequestsJobsTableViewController.swift in Sources */ = {isa = PBXBuildFile; fileRef = 1EC6C2CC259156F100256120 /* RequestsJobsTableViewController.swift */; };
		1EF7E63F259B7EF900DD9C89 /* MapViewController.swift in Sources */ = {isa = PBXBuildFile; fileRef = 1EF7E63E259B7EF900DD9C89 /* MapViewController.swift */; };
		1EFA649025AD100D00BCA041 /* logo.png in Resources */ = {isa = PBXBuildFile; fileRef = 1EFA648F25AD100D00BCA041 /* logo.png */; };
		1EFA9D3C258682CA00AD3950 /* CustomerViewController.swift in Sources */ = {isa = PBXBuildFile; fileRef = 1EFA9D3B258682CA00AD3950 /* CustomerViewController.swift */; };
		1EFA9D3E25868C0000AD3950 /* CoreLocation.framework in Frameworks */ = {isa = PBXBuildFile; fileRef = 1EFA9D3D25868C0000AD3950 /* CoreLocation.framework */; };
		1EFCBCEA25976AB800026A25 /* CRequestDetailsViewController.swift in Sources */ = {isa = PBXBuildFile; fileRef = 1EFCBCE925976AB800026A25 /* CRequestDetailsViewController.swift */; };
		1EFCBCEC2597F97700026A25 /* JobsTableViewController.swift in Sources */ = {isa = PBXBuildFile; fileRef = 1EFCBCEB2597F97700026A25 /* JobsTableViewController.swift */; };
		56834AE6E0F12784C663D9F0 /* Pods_PopraviDefekt.framework in Frameworks */ = {isa = PBXBuildFile; fileRef = 7E700E822C73E2A421CE5897 /* Pods_PopraviDefekt.framework */; };
/* End PBXBuildFile section */

/* Begin PBXFileReference section */
		1E030892259913A000EB98F1 /* JobDetailsViewController.swift */ = {isa = PBXFileReference; lastKnownFileType = sourcecode.swift; path = JobDetailsViewController.swift; sourceTree = "<group>"; };
		1E07C9542586402A00F31493 /* PopraviDefekt.app */ = {isa = PBXFileReference; explicitFileType = wrapper.application; includeInIndex = 0; path = PopraviDefekt.app; sourceTree = BUILT_PRODUCTS_DIR; };
		1E07C9572586402A00F31493 /* AppDelegate.swift */ = {isa = PBXFileReference; lastKnownFileType = sourcecode.swift; path = AppDelegate.swift; sourceTree = "<group>"; };
		1E07C9592586402A00F31493 /* ViewController.swift */ = {isa = PBXFileReference; lastKnownFileType = sourcecode.swift; path = ViewController.swift; sourceTree = "<group>"; };
		1E07C95C2586402A00F31493 /* Base */ = {isa = PBXFileReference; lastKnownFileType = file.storyboard; name = Base; path = Base.lproj/Main.storyboard; sourceTree = "<group>"; };
		1E07C95E2586402D00F31493 /* Assets.xcassets */ = {isa = PBXFileReference; lastKnownFileType = folder.assetcatalog; path = Assets.xcassets; sourceTree = "<group>"; };
		1E07C9612586402D00F31493 /* Base */ = {isa = PBXFileReference; lastKnownFileType = file.storyboard; name = Base; path = Base.lproj/LaunchScreen.storyboard; sourceTree = "<group>"; };
		1E07C9632586402D00F31493 /* Info.plist */ = {isa = PBXFileReference; lastKnownFileType = text.plist.xml; path = Info.plist; sourceTree = "<group>"; };
		1E8D208E259261F4003F7E4C /* RequestDetailsViewController.swift */ = {isa = PBXFileReference; lastKnownFileType = sourcecode.swift; path = RequestDetailsViewController.swift; sourceTree = "<group>"; };
		1EB39D5C2593D63D0001ED07 /* CraftsmanTableViewController.swift */ = {isa = PBXFileReference; lastKnownFileType = sourcecode.swift; path = CraftsmanTableViewController.swift; sourceTree = "<group>"; };
		1EC6C2C42590E8DE00256120 /* SeeCraftsmenTableViewController.swift */ = {isa = PBXFileReference; lastKnownFileType = sourcecode.swift; path = SeeCraftsmenTableViewController.swift; sourceTree = "<group>"; };
		1EC6C2C8259114BC00256120 /* CraftsmanDetailsTableViewController.swift */ = {isa = PBXFileReference; lastKnownFileType = sourcecode.swift; path = CraftsmanDetailsTableViewController.swift; sourceTree = "<group>"; };
		1EC6C2CA2591171400256120 /* CraftsmanDetailsTableViewCell.swift */ = {isa = PBXFileReference; lastKnownFileType = sourcecode.swift; path = CraftsmanDetailsTableViewCell.swift; sourceTree = "<group>"; };
		1EC6C2CC259156F100256120 /* RequestsJobsTableViewController.swift */ = {isa = PBXFileReference; lastKnownFileType = sourcecode.swift; path = RequestsJobsTableViewController.swift; sourceTree = "<group>"; };
		1EF7E63E259B7EF900DD9C89 /* MapViewController.swift */ = {isa = PBXFileReference; lastKnownFileType = sourcecode.swift; path = MapViewController.swift; sourceTree = "<group>"; };
		1EFA648F25AD100D00BCA041 /* logo.png */ = {isa = PBXFileReference; lastKnownFileType = image.png; name = logo.png; path = ../../../../Downloads/logo.png; sourceTree = "<group>"; };
		1EFA9D3B258682CA00AD3950 /* CustomerViewController.swift */ = {isa = PBXFileReference; lastKnownFileType = sourcecode.swift; path = CustomerViewController.swift; sourceTree = "<group>"; };
		1EFA9D3D25868C0000AD3950 /* CoreLocation.framework */ = {isa = PBXFileReference; lastKnownFileType = wrapper.framework; name = CoreLocation.framework; path = System/Library/Frameworks/CoreLocation.framework; sourceTree = SDKROOT; };
		1EFCBCE925976AB800026A25 /* CRequestDetailsViewController.swift */ = {isa = PBXFileReference; lastKnownFileType = sourcecode.swift; path = CRequestDetailsViewController.swift; sourceTree = "<group>"; };
		1EFCBCEB2597F97700026A25 /* JobsTableViewController.swift */ = {isa = PBXFileReference; lastKnownFileType = sourcecode.swift; path = JobsTableViewController.swift; sourceTree = "<group>"; };
		3DF093B3EE5F7D161EED38FC /* Pods-PopraviDefekt.release.xcconfig */ = {isa = PBXFileReference; includeInIndex = 1; lastKnownFileType = text.xcconfig; name = "Pods-PopraviDefekt.release.xcconfig"; path = "Target Support Files/Pods-PopraviDefekt/Pods-PopraviDefekt.release.xcconfig"; sourceTree = "<group>"; };
		7E700E822C73E2A421CE5897 /* Pods_PopraviDefekt.framework */ = {isa = PBXFileReference; explicitFileType = wrapper.framework; includeInIndex = 0; path = Pods_PopraviDefekt.framework; sourceTree = BUILT_PRODUCTS_DIR; };
		9403A63FEE56E579CBDB33B7 /* Pods-PopraviDefekt.debug.xcconfig */ = {isa = PBXFileReference; includeInIndex = 1; lastKnownFileType = text.xcconfig; name = "Pods-PopraviDefekt.debug.xcconfig"; path = "Target Support Files/Pods-PopraviDefekt/Pods-PopraviDefekt.debug.xcconfig"; sourceTree = "<group>"; };
/* End PBXFileReference section */

/* Begin PBXFrameworksBuildPhase section */
		1E07C9512586402A00F31493 /* Frameworks */ = {
			isa = PBXFrameworksBuildPhase;
			buildActionMask = 2147483647;
			files = (
				1EFA9D3E25868C0000AD3950 /* CoreLocation.framework in Frameworks */,
				56834AE6E0F12784C663D9F0 /* Pods_PopraviDefekt.framework in Frameworks */,
			);
			runOnlyForDeploymentPostprocessing = 0;
		};
/* End PBXFrameworksBuildPhase section */

/* Begin PBXGroup section */
		1E07C94B2586402A00F31493 = {
			isa = PBXGroup;
			children = (
				1E07C9562586402A00F31493 /* PopraviDefekt */,
				1E07C9552586402A00F31493 /* Products */,
				2AE6F94788E2B6C222969A20 /* Pods */,
				CE106442D15933D070EC119F /* Frameworks */,
			);
			sourceTree = "<group>";
		};
		1E07C9552586402A00F31493 /* Products */ = {
			isa = PBXGroup;
			children = (
				1E07C9542586402A00F31493 /* PopraviDefekt.app */,
			);
			name = Products;
			sourceTree = "<group>";
		};
		1E07C9562586402A00F31493 /* PopraviDefekt */ = {
			isa = PBXGroup;
			children = (
				1E07C9572586402A00F31493 /* AppDelegate.swift */,
				1E07C9592586402A00F31493 /* ViewController.swift */,
				1E07C95B2586402A00F31493 /* Main.storyboard */,
				1E030892259913A000EB98F1 /* JobDetailsViewController.swift */,
				1EFCBCEB2597F97700026A25 /* JobsTableViewController.swift */,
				1EFCBCE925976AB800026A25 /* CRequestDetailsViewController.swift */,
				1E8D208E259261F4003F7E4C /* RequestDetailsViewController.swift */,
				1EC6C2CC259156F100256120 /* RequestsJobsTableViewController.swift */,
				1EC6C2CA2591171400256120 /* CraftsmanDetailsTableViewCell.swift */,
				1EC6C2C42590E8DE00256120 /* SeeCraftsmenTableViewController.swift */,
				1EC6C2C8259114BC00256120 /* CraftsmanDetailsTableViewController.swift */,
				1EFA9D3B258682CA00AD3950 /* CustomerViewController.swift */,
				1EB39D5C2593D63D0001ED07 /* CraftsmanTableViewController.swift */,
				1E07C95E2586402D00F31493 /* Assets.xcassets */,
				1E07C9602586402D00F31493 /* LaunchScreen.storyboard */,
				1E07C9632586402D00F31493 /* Info.plist */,
				1EF7E63E259B7EF900DD9C89 /* MapViewController.swift */,
				1EFA648F25AD100D00BCA041 /* logo.png */,
			);
			path = PopraviDefekt;
			sourceTree = "<group>";
		};
		2AE6F94788E2B6C222969A20 /* Pods */ = {
			isa = PBXGroup;
			children = (
				9403A63FEE56E579CBDB33B7 /* Pods-PopraviDefekt.debug.xcconfig */,
				3DF093B3EE5F7D161EED38FC /* Pods-PopraviDefekt.release.xcconfig */,
			);
			path = Pods;
			sourceTree = "<group>";
		};
		CE106442D15933D070EC119F /* Frameworks */ = {
			isa = PBXGroup;
			children = (
				1EFA9D3D25868C0000AD3950 /* CoreLocation.framework */,
				7E700E822C73E2A421CE5897 /* Pods_PopraviDefekt.framework */,
			);
			name = Frameworks;
			sourceTree = "<group>";
		};
/* End PBXGroup section */

/* Begin PBXNativeTarget section */
		1E07C9532586402A00F31493 /* PopraviDefekt */ = {
			isa = PBXNativeTarget;
			buildConfigurationList = 1E07C9662586402D00F31493 /* Build configuration list for PBXNativeTarget "PopraviDefekt" */;
			buildPhases = (
				C67920CCD57837FF9A369899 /* [CP] Check Pods Manifest.lock */,
				1E07C9502586402A00F31493 /* Sources */,
				1E07C9512586402A00F31493 /* Frameworks */,
				1E07C9522586402A00F31493 /* Resources */,
				D3CD60A7035C1BDCAD7BB39F /* [CP] Embed Pods Frameworks */,
			);
			buildRules = (
			);
			dependencies = (
			);
			name = PopraviDefekt;
			productName = PopraviDefekt;
			productReference = 1E07C9542586402A00F31493 /* PopraviDefekt.app */;
			productType = "com.apple.product-type.application";
		};
/* End PBXNativeTarget section */

/* Begin PBXProject section */
		1E07C94C2586402A00F31493 /* Project object */ = {
			isa = PBXProject;
			attributes = {
				LastSwiftUpdateCheck = 1010;
				LastUpgradeCheck = 1010;
				ORGANIZATIONNAME = Zaneta;
				TargetAttributes = {
					1E07C9532586402A00F31493 = {
						CreatedOnToolsVersion = 10.1;
					};
				};
			};
			buildConfigurationList = 1E07C94F2586402A00F31493 /* Build configuration list for PBXProject "PopraviDefekt" */;
			compatibilityVersion = "Xcode 9.3";
			developmentRegion = en;
			hasScannedForEncodings = 0;
			knownRegions = (
				en,
				Base,
			);
			mainGroup = 1E07C94B2586402A00F31493;
			productRefGroup = 1E07C9552586402A00F31493 /* Products */;
			projectDirPath = "";
			projectRoot = "";
			targets = (
				1E07C9532586402A00F31493 /* PopraviDefekt */,
			);
		};
/* End PBXProject section */

/* Begin PBXResourcesBuildPhase section */
		1E07C9522586402A00F31493 /* Resources */ = {
			isa = PBXResourcesBuildPhase;
			buildActionMask = 2147483647;
			files = (
				1E07C9622586402D00F31493 /* LaunchScreen.storyboard in Resources */,
				1EFA649025AD100D00BCA041 /* logo.png in Resources */,
				1E07C95F2586402D00F31493 /* Assets.xcassets in Resources */,
				1E07C95D2586402A00F31493 /* Main.storyboard in Resources */,
			);
			runOnlyForDeploymentPostprocessing = 0;
		};
/* End PBXResourcesBuildPhase section */

/* Begin PBXShellScriptBuildPhase section */
		C67920CCD57837FF9A369899 /* [CP] Check Pods Manifest.lock */ = {
			isa = PBXShellScriptBuildPhase;
			buildActionMask = 2147483647;
			files = (
			);
			inputFileListPaths = (
			);
			inputPaths = (
				"${PODS_PODFILE_DIR_PATH}/Podfile.lock",
				"${PODS_ROOT}/Manifest.lock",
			);
			name = "[CP] Check Pods Manifest.lock";
			outputFileListPaths = (
			);
			outputPaths = (
				"$(DERIVED_FILE_DIR)/Pods-PopraviDefekt-checkManifestLockResult.txt",
			);
			runOnlyForDeploymentPostprocessing = 0;
			shellPath = /bin/sh;
			shellScript = "diff \"${PODS_PODFILE_DIR_PATH}/Podfile.lock\" \"${PODS_ROOT}/Manifest.lock\" > /dev/null\nif [ $? != 0 ] ; then\n    # print error to STDERR\n    echo \"error: The sandbox is not in sync with the Podfile.lock. Run 'pod install' or update your CocoaPods installation.\" >&2\n    exit 1\nfi\n# This output is used by Xcode 'outputs' to avoid re-running this script phase.\necho \"SUCCESS\" > \"${SCRIPT_OUTPUT_FILE_0}\"\n";
			showEnvVarsInLog = 0;
		};
		D3CD60A7035C1BDCAD7BB39F /* [CP] Embed Pods Frameworks */ = {
			isa = PBXShellScriptBuildPhase;
			buildActionMask = 2147483647;
			files = (
			);
			inputFileListPaths = (
				"${PODS_ROOT}/Target Support Files/Pods-PopraviDefekt/Pods-PopraviDefekt-frameworks-${CONFIGURATION}-input-files.xcfilelist",
			);
			name = "[CP] Embed Pods Frameworks";
			outputFileListPaths = (
				"${PODS_ROOT}/Target Support Files/Pods-PopraviDefekt/Pods-PopraviDefekt-frameworks-${CONFIGURATION}-output-files.xcfilelist",
			);
			runOnlyForDeploymentPostprocessing = 0;
			shellPath = /bin/sh;
			shellScript = "\"${PODS_ROOT}/Target Support Files/Pods-PopraviDefekt/Pods-PopraviDefekt-frameworks.sh\"\n";
			showEnvVarsInLog = 0;
		};
/* End PBXShellScriptBuildPhase section */

/* Begin PBXSourcesBuildPhase section */
		1E07C9502586402A00F31493 /* Sources */ = {
			isa = PBXSourcesBuildPhase;
			buildActionMask = 2147483647;
			files = (
				1EC6C2CD259156F100256120 /* RequestsJobsTableViewController.swift in Sources */,
				1E030893259913A000EB98F1 /* JobDetailsViewController.swift in Sources */,
				1EFA9D3C258682CA00AD3950 /* CustomerViewController.swift in Sources */,
				1EC6C2C9259114BC00256120 /* CraftsmanDetailsTableViewController.swift in Sources */,
				1EC6C2CB2591171400256120 /* CraftsmanDetailsTableViewCell.swift in Sources */,
				1EB39D5D2593D63D0001ED07 /* CraftsmanTableViewController.swift in Sources */,
				1EF7E63F259B7EF900DD9C89 /* MapViewController.swift in Sources */,
				1EFCBCEA25976AB800026A25 /* CRequestDetailsViewController.swift in Sources */,
				1E07C95A2586402A00F31493 /* ViewController.swift in Sources */,
				1E07C9582586402A00F31493 /* AppDelegate.swift in Sources */,
				1EC6C2C52590E8DE00256120 /* SeeCraftsmenTableViewController.swift in Sources */,
				1EFCBCEC2597F97700026A25 /* JobsTableViewController.swift in Sources */,
				1E8D208F259261F4003F7E4C /* RequestDetailsViewController.swift in Sources */,
			);
			runOnlyForDeploymentPostprocessing = 0;
		};
/* End PBXSourcesBuildPhase section */

/* Begin PBXVariantGroup section */
		1E07C95B2586402A00F31493 /* Main.storyboard */ = {
			isa = PBXVariantGroup;
			children = (
				1E07C95C2586402A00F31493 /* Base */,
			);
			name = Main.storyboard;
			sourceTree = "<group>";
		};
		1E07C9602586402D00F31493 /* LaunchScreen.storyboard */ = {
			isa = PBXVariantGroup;
			children = (
				1E07C9612586402D00F31493 /* Base */,
			);
			name = LaunchScreen.storyboard;
			sourceTree = "<group>";
		};
/* End PBXVariantGroup section */

/* Begin XCBuildConfiguration section */
		1E07C9642586402D00F31493 /* Debug */ = {
			isa = XCBuildConfiguration;
			buildSettings = {
				ALWAYS_SEARCH_USER_PATHS = NO;
				CLANG_ANALYZER_NONNULL = YES;
				CLANG_ANALYZER_NUMBER_OBJECT_CONVERSION = YES_AGGRESSIVE;
				CLANG_CXX_LANGUAGE_STANDARD = "gnu++14";
				CLANG_CXX_LIBRARY = "libc++";
				CLANG_ENABLE_MODULES = YES;
				CLANG_ENABLE_OBJC_ARC = YES;
				CLANG_ENABLE_OBJC_WEAK = YES;
				CLANG_WARN_BLOCK_CAPTURE_AUTORELEASING = YES;
				CLANG_WARN_BOOL_CONVERSION = YES;
				CLANG_WARN_COMMA = YES;
				CLANG_WARN_CONSTANT_CONVERSION = YES;
				CLANG_WARN_DEPRECATED_OBJC_IMPLEMENTATIONS = YES;
				CLANG_WARN_DIRECT_OBJC_ISA_USAGE = YES_ERROR;
				CLANG_WARN_DOCUMENTATION_COMMENTS = YES;
				CLANG_WARN_EMPTY_BODY = YES;
				CLANG_WARN_ENUM_CONVERSION = YES;
				CLANG_WARN_INFINITE_RECURSION = YES;
				CLANG_WARN_INT_CONVERSION = YES;
				CLANG_WARN_NON_LITERAL_NULL_CONVERSION = YES;
				CLANG_WARN_OBJC_IMPLICIT_RETAIN_SELF = YES;
				CLANG_WARN_OBJC_LITERAL_CONVERSION = YES;
				CLANG_WARN_OBJC_ROOT_CLASS = YES_ERROR;
				CLANG_WARN_RANGE_LOOP_ANALYSIS = YES;
				CLANG_WARN_STRICT_PROTOTYPES = YES;
				CLANG_WARN_SUSPICIOUS_MOVE = YES;
				CLANG_WARN_UNGUARDED_AVAILABILITY = YES_AGGRESSIVE;
				CLANG_WARN_UNREACHABLE_CODE = YES;
				CLANG_WARN__DUPLICATE_METHOD_MATCH = YES;
				CODE_SIGN_IDENTITY = "iPhone Developer";
				COPY_PHASE_STRIP = NO;
				DEBUG_INFORMATION_FORMAT = dwarf;
				ENABLE_STRICT_OBJC_MSGSEND = YES;
				ENABLE_TESTABILITY = YES;
				GCC_C_LANGUAGE_STANDARD = gnu11;
				GCC_DYNAMIC_NO_PIC = NO;
				GCC_NO_COMMON_BLOCKS = YES;
				GCC_OPTIMIZATION_LEVEL = 0;
				GCC_PREPROCESSOR_DEFINITIONS = (
					"DEBUG=1",
					"$(inherited)",
				);
				GCC_WARN_64_TO_32_BIT_CONVERSION = YES;
				GCC_WARN_ABOUT_RETURN_TYPE = YES_ERROR;
				GCC_WARN_UNDECLARED_SELECTOR = YES;
				GCC_WARN_UNINITIALIZED_AUTOS = YES_AGGRESSIVE;
				GCC_WARN_UNUSED_FUNCTION = YES;
				GCC_WARN_UNUSED_VARIABLE = YES;
				IPHONEOS_DEPLOYMENT_TARGET = 12.1;
				MTL_ENABLE_DEBUG_INFO = INCLUDE_SOURCE;
				MTL_FAST_MATH = YES;
				ONLY_ACTIVE_ARCH = YES;
				SDKROOT = iphoneos;
				SWIFT_ACTIVE_COMPILATION_CONDITIONS = DEBUG;
				SWIFT_OPTIMIZATION_LEVEL = "-Onone";
			};
			name = Debug;
		};
		1E07C9652586402D00F31493 /* Release */ = {
			isa = XCBuildConfiguration;
			buildSettings = {
				ALWAYS_SEARCH_USER_PATHS = NO;
				CLANG_ANALYZER_NONNULL = YES;
				CLANG_ANALYZER_NUMBER_OBJECT_CONVERSION = YES_AGGRESSIVE;
				CLANG_CXX_LANGUAGE_STANDARD = "gnu++14";
				CLANG_CXX_LIBRARY = "libc++";
				CLANG_ENABLE_MODULES = YES;
				CLANG_ENABLE_OBJC_ARC = YES;
				CLANG_ENABLE_OBJC_WEAK = YES;
				CLANG_WARN_BLOCK_CAPTURE_AUTORELEASING = YES;
				CLANG_WARN_BOOL_CONVERSION = YES;
				CLANG_WARN_COMMA = YES;
				CLANG_WARN_CONSTANT_CONVERSION = YES;
				CLANG_WARN_DEPRECATED_OBJC_IMPLEMENTATIONS = YES;
				CLANG_WARN_DIRECT_OBJC_ISA_USAGE = YES_ERROR;
				CLANG_WARN_DOCUMENTATION_COMMENTS = YES;
				CLANG_WARN_EMPTY_BODY = YES;
				CLANG_WARN_ENUM_CONVERSION = YES;
				CLANG_WARN_INFINITE_RECURSION = YES;
				CLANG_WARN_INT_CONVERSION = YES;
				CLANG_WARN_NON_LITERAL_NULL_CONVERSION = YES;
				CLANG_WARN_OBJC_IMPLICIT_RETAIN_SELF = YES;
				CLANG_WARN_OBJC_LITERAL_CONVERSION = YES;
				CLANG_WARN_OBJC_ROOT_CLASS = YES_ERROR;
				CLANG_WARN_RANGE_LOOP_ANALYSIS = YES;
				CLANG_WARN_STRICT_PROTOTYPES = YES;
				CLANG_WARN_SUSPICIOUS_MOVE = YES;
				CLANG_WARN_UNGUARDED_AVAILABILITY = YES_AGGRESSIVE;
				CLANG_WARN_UNREACHABLE_CODE = YES;
				CLANG_WARN__DUPLICATE_METHOD_MATCH = YES;
				CODE_SIGN_IDENTITY = "iPhone Developer";
				COPY_PHASE_STRIP = NO;
				DEBUG_INFORMATION_FORMAT = "dwarf-with-dsym";
				ENABLE_NS_ASSERTIONS = NO;
				ENABLE_STRICT_OBJC_MSGSEND = YES;
				GCC_C_LANGUAGE_STANDARD = gnu11;
				GCC_NO_COMMON_BLOCKS = YES;
				GCC_WARN_64_TO_32_BIT_CONVERSION = YES;
				GCC_WARN_ABOUT_RETURN_TYPE = YES_ERROR;
				GCC_WARN_UNDECLARED_SELECTOR = YES;
				GCC_WARN_UNINITIALIZED_AUTOS = YES_AGGRESSIVE;
				GCC_WARN_UNUSED_FUNCTION = YES;
				GCC_WARN_UNUSED_VARIABLE = YES;
				IPHONEOS_DEPLOYMENT_TARGET = 12.1;
				MTL_ENABLE_DEBUG_INFO = NO;
				MTL_FAST_MATH = YES;
				SDKROOT = iphoneos;
				SWIFT_COMPILATION_MODE = wholemodule;
				SWIFT_OPTIMIZATION_LEVEL = "-O";
				VALIDATE_PRODUCT = YES;
			};
			name = Release;
		};
		1E07C9672586402D00F31493 /* Debug */ = {
			isa = XCBuildConfiguration;
			baseConfigurationReference = 9403A63FEE56E579CBDB33B7 /* Pods-PopraviDefekt.debug.xcconfig */;
			buildSettings = {
				ASSETCATALOG_COMPILER_APPICON_NAME = AppIcon;
				CODE_SIGN_STYLE = Automatic;
				DEVELOPMENT_TEAM = 247C4CZRL7;
				INFOPLIST_FILE = PopraviDefekt/Info.plist;
				IPHONEOS_DEPLOYMENT_TARGET = 12.1;
				LD_RUNPATH_SEARCH_PATHS = (
					"$(inherited)",
					"@executable_path/Frameworks",
				);
				PRODUCT_BUNDLE_IDENTIFIER = zaneta.PopraviDefekt;
				PRODUCT_NAME = "$(TARGET_NAME)";
				SWIFT_VERSION = 4.2;
				TARGETED_DEVICE_FAMILY = "1,2";
			};
			name = Debug;
		};
		1E07C9682586402D00F31493 /* Release */ = {
			isa = XCBuildConfiguration;
			baseConfigurationReference = 3DF093B3EE5F7D161EED38FC /* Pods-PopraviDefekt.release.xcconfig */;
			buildSettings = {
				ASSETCATALOG_COMPILER_APPICON_NAME = AppIcon;
				CODE_SIGN_STYLE = Automatic;
				DEVELOPMENT_TEAM = 247C4CZRL7;
				INFOPLIST_FILE = PopraviDefekt/Info.plist;
				IPHONEOS_DEPLOYMENT_TARGET = 12.1;
				LD_RUNPATH_SEARCH_PATHS = (
					"$(inherited)",
					"@executable_path/Frameworks",
				);
				PRODUCT_BUNDLE_IDENTIFIER = zaneta.PopraviDefekt;
				PRODUCT_NAME = "$(TARGET_NAME)";
				SWIFT_VERSION = 4.2;
				TARGETED_DEVICE_FAMILY = "1,2";
			};
			name = Release;
		};
/* End XCBuildConfiguration section */

/* Begin XCConfigurationList section */
		1E07C94F2586402A00F31493 /* Build configuration list for PBXProject "PopraviDefekt" */ = {
			isa = XCConfigurationList;
			buildConfigurations = (
				1E07C9642586402D00F31493 /* Debug */,
				1E07C9652586402D00F31493 /* Release */,
			);
			defaultConfigurationIsVisible = 0;
			defaultConfigurationName = Release;
		};
		1E07C9662586402D00F31493 /* Build configuration list for PBXNativeTarget "PopraviDefekt" */ = {
			isa = XCConfigurationList;
			buildConfigurations = (
				1E07C9672586402D00F31493 /* Debug */,
				1E07C9682586402D00F31493 /* Release */,
			);
			defaultConfigurationIsVisible = 0;
			defaultConfigurationName = Release;
		};
/* End XCConfigurationList section */
	};
	rootObject = 1E07C94C2586402A00F31493 /* Project object */;
}
